// !$*UTF8*$!
{
	archiveVersion = 1;
	classes = {
	};
	objectVersion = 52;
	objects = {

/* Begin PBXBuildFile section */
		090BF3262396C25A0022E9E6 /* TagListView.swift in Sources */ = {isa = PBXBuildFile; fileRef = 090BF3222396C25A0022E9E6 /* TagListView.swift */; };
		090BF3272396C25A0022E9E6 /* CloseButton.swift in Sources */ = {isa = PBXBuildFile; fileRef = 090BF3232396C25A0022E9E6 /* CloseButton.swift */; };
		090BF3282396C25A0022E9E6 /* TagView.swift in Sources */ = {isa = PBXBuildFile; fileRef = 090BF3252396C25A0022E9E6 /* TagView.swift */; };
		090BF32D23996E9B0022E9E6 /* ProgressServiceType.swift in Sources */ = {isa = PBXBuildFile; fileRef = 090BF32C23996E9B0022E9E6 /* ProgressServiceType.swift */; };
		090BF32F239970B20022E9E6 /* ProgressService.swift in Sources */ = {isa = PBXBuildFile; fileRef = 090BF32E239970B20022E9E6 /* ProgressService.swift */; };
		092B5B68238EC6C900DCBBFC /* RxSwiftExt in Frameworks */ = {isa = PBXBuildFile; productRef = 092B5B67238EC6C900DCBBFC /* RxSwiftExt */; };
		09E3E9AA238FD1B500E87254 /* LessonViewModel.swift in Sources */ = {isa = PBXBuildFile; fileRef = 09E3E9A9238FD1B500E87254 /* LessonViewModel.swift */; };
		09E3E9AC238FD46F00E87254 /* TranslateExerciseViewModel.swift in Sources */ = {isa = PBXBuildFile; fileRef = 09E3E9AB238FD46F00E87254 /* TranslateExerciseViewModel.swift */; };
		09E3E9AE238FD6DE00E87254 /* LessonViewController.swift in Sources */ = {isa = PBXBuildFile; fileRef = 09E3E9AD238FD6DE00E87254 /* LessonViewController.swift */; };
		BF3F8C96235B7CDD00143448 /* Differentiator in Frameworks */ = {isa = PBXBuildFile; productRef = BF3F8C95235B7CDD00143448 /* Differentiator */; };
		BF3F8C98235B7CDD00143448 /* RxDataSources in Frameworks */ = {isa = PBXBuildFile; productRef = BF3F8C97235B7CDD00143448 /* RxDataSources */; };
		BF3F8C9B235B7E6400143448 /* RealmSwift in Frameworks */ = {isa = PBXBuildFile; productRef = BF3F8C9A235B7E6400143448 /* RealmSwift */; };
		BF3F8C9E235B7F2000143448 /* RxRealm in Frameworks */ = {isa = PBXBuildFile; productRef = BF3F8C9D235B7F2000143448 /* RxRealm */; };
		BF670FAA234A2D020083CE8B /* AppDelegate.swift in Sources */ = {isa = PBXBuildFile; fileRef = BF670FA9234A2D020083CE8B /* AppDelegate.swift */; };
		BF670FAC234A2D020083CE8B /* SceneDelegate.swift in Sources */ = {isa = PBXBuildFile; fileRef = BF670FAB234A2D020083CE8B /* SceneDelegate.swift */; };
		BF670FB3234A2D020083CE8B /* Main.storyboard in Resources */ = {isa = PBXBuildFile; fileRef = BF670FB1234A2D020083CE8B /* Main.storyboard */; };
		BF670FB5234A2D030083CE8B /* Assets.xcassets in Resources */ = {isa = PBXBuildFile; fileRef = BF670FB4234A2D030083CE8B /* Assets.xcassets */; };
		BF670FB8234A2D030083CE8B /* LaunchScreen.storyboard in Resources */ = {isa = PBXBuildFile; fileRef = BF670FB6234A2D030083CE8B /* LaunchScreen.storyboard */; };
		BF670FC3234A2D030083CE8B /* ReactDictTests.swift in Sources */ = {isa = PBXBuildFile; fileRef = BF670FC2234A2D030083CE8B /* ReactDictTests.swift */; };
		BFA506CF2359ABB1004BC4DB /* RxAlamofire in Frameworks */ = {isa = PBXBuildFile; productRef = BFA506CE2359ABB1004BC4DB /* RxAlamofire */; };
		BFA506D22359C509004BC4DB /* Scene.swift in Sources */ = {isa = PBXBuildFile; fileRef = BFA506D12359C509004BC4DB /* Scene.swift */; };
		BFA506D62359C644004BC4DB /* WordsViewModel.swift in Sources */ = {isa = PBXBuildFile; fileRef = BFA506D52359C644004BC4DB /* WordsViewModel.swift */; };
		BFA55639239AB19F0085EFC6 /* ExerciseHistoryItem.swift in Sources */ = {isa = PBXBuildFile; fileRef = BFA55638239AB19F0085EFC6 /* ExerciseHistoryItem.swift */; };
		BFA5563B239AB1B30085EFC6 /* WordProgressStateItem.swift in Sources */ = {isa = PBXBuildFile; fileRef = BFA5563A239AB1B30085EFC6 /* WordProgressStateItem.swift */; };
		BFAD5D68235081B90067FA4B /* RxSwift in Frameworks */ = {isa = PBXBuildFile; productRef = BFAD5D67235081B90067FA4B /* RxSwift */; };
		BFAD5D6C235081B90067FA4B /* RxCocoa in Frameworks */ = {isa = PBXBuildFile; productRef = BFAD5D6B235081B90067FA4B /* RxCocoa */; };
		BFAD5D6E235081B90067FA4B /* RxBlocking in Frameworks */ = {isa = PBXBuildFile; productRef = BFAD5D6D235081B90067FA4B /* RxBlocking */; };
		BFB3D544235A146E009BBB35 /* SceneCoordinatorType.swift in Sources */ = {isa = PBXBuildFile; fileRef = BFB3D543235A146E009BBB35 /* SceneCoordinatorType.swift */; };
		BFB3D546235A14C4009BBB35 /* SceneTransitionType.swift in Sources */ = {isa = PBXBuildFile; fileRef = BFB3D545235A14C4009BBB35 /* SceneTransitionType.swift */; };
		BFD10C062350E24400CAA9C3 /* DictionaryNetworkService.swift in Sources */ = {isa = PBXBuildFile; fileRef = BFD10C052350E24400CAA9C3 /* DictionaryNetworkService.swift */; };
		BFD10C082350E27100CAA9C3 /* DictionaryNetworkServiceType.swift in Sources */ = {isa = PBXBuildFile; fileRef = BFD10C072350E27100CAA9C3 /* DictionaryNetworkServiceType.swift */; };
		BFD10C0B2350E39D00CAA9C3 /* Word.swift in Sources */ = {isa = PBXBuildFile; fileRef = BFD10C0A2350E39D00CAA9C3 /* Word.swift */; };
		BFD10C0E2350E68600CAA9C3 /* cz-ru.json in Resources */ = {isa = PBXBuildFile; fileRef = BFD10C0D2350E68600CAA9C3 /* cz-ru.json */; };
		BFD10C102350E88400CAA9C3 /* Exercise.swift in Sources */ = {isa = PBXBuildFile; fileRef = BFD10C0F2350E88400CAA9C3 /* Exercise.swift */; };
		BFD10C122350EACE00CAA9C3 /* DictionaryNetworkServiceTests.swift in Sources */ = {isa = PBXBuildFile; fileRef = BFD10C112350EACE00CAA9C3 /* DictionaryNetworkServiceTests.swift */; };
		BFD48CB623898B9B001701A3 /* DictionaryProviderType.swift in Sources */ = {isa = PBXBuildFile; fileRef = BFD48CB523898B9B001701A3 /* DictionaryProviderType.swift */; };
		BFD48CB823898BFC001701A3 /* DictionaryProvider.swift in Sources */ = {isa = PBXBuildFile; fileRef = BFD48CB723898BFC001701A3 /* DictionaryProvider.swift */; };
		BFE10D982370B0C5002444B8 /* StorageServiceType.swift in Sources */ = {isa = PBXBuildFile; fileRef = BFE10D972370B0C5002444B8 /* StorageServiceType.swift */; };
		BFE10D9A2370B31C002444B8 /* WordItem.swift in Sources */ = {isa = PBXBuildFile; fileRef = BFE10D992370B31C002444B8 /* WordItem.swift */; };
		BFE10D9C2370BE09002444B8 /* DictionaryItem.swift in Sources */ = {isa = PBXBuildFile; fileRef = BFE10D9B2370BE09002444B8 /* DictionaryItem.swift */; };
		BFE10D9E2370BFAB002444B8 /* StorageService.swift in Sources */ = {isa = PBXBuildFile; fileRef = BFE10D9D2370BFAB002444B8 /* StorageService.swift */; };
		BFEF2172235B04FD004F59F5 /* SceneCoordinator.swift in Sources */ = {isa = PBXBuildFile; fileRef = BFEF2171235B04FC004F59F5 /* SceneCoordinator.swift */; };
		BFEF2174235B0679004F59F5 /* Scene+ViewController.swift in Sources */ = {isa = PBXBuildFile; fileRef = BFEF2173235B0679004F59F5 /* Scene+ViewController.swift */; };
		BFEF2176235B07EE004F59F5 /* WordsViewController.swift in Sources */ = {isa = PBXBuildFile; fileRef = BFEF2175235B07EE004F59F5 /* WordsViewController.swift */; };
		BFEF2178235B07FE004F59F5 /* LanguageViewController.swift in Sources */ = {isa = PBXBuildFile; fileRef = BFEF2177235B07FE004F59F5 /* LanguageViewController.swift */; };
		BFEF217A235B081E004F59F5 /* TranslateViewController.swift in Sources */ = {isa = PBXBuildFile; fileRef = BFEF2179235B081E004F59F5 /* TranslateViewController.swift */; };
		BFEF217C235B0A79004F59F5 /* LanguageViewModel.swift in Sources */ = {isa = PBXBuildFile; fileRef = BFEF217B235B0A79004F59F5 /* LanguageViewModel.swift */; };
		BFEF217E235B0BB1004F59F5 /* BindableType.swift in Sources */ = {isa = PBXBuildFile; fileRef = BFEF217D235B0BB1004F59F5 /* BindableType.swift */; };
		BFEF2180235B1CB4004F59F5 /* Dictionary.swift in Sources */ = {isa = PBXBuildFile; fileRef = BFEF217F235B1CB4004F59F5 /* Dictionary.swift */; };
		BFFF59002367069500D6ADBE /* PartOfSpeech.swift in Sources */ = {isa = PBXBuildFile; fileRef = BFFF58FF2367069500D6ADBE /* PartOfSpeech.swift */; };
		BFFF590423670D6100D6ADBE /* WordTableViewCell.swift in Sources */ = {isa = PBXBuildFile; fileRef = BFFF590323670D6100D6ADBE /* WordTableViewCell.swift */; };
/* End PBXBuildFile section */

/* Begin PBXContainerItemProxy section */
		BF670FBF234A2D030083CE8B /* PBXContainerItemProxy */ = {
			isa = PBXContainerItemProxy;
			containerPortal = BF670F9E234A2D020083CE8B /* Project object */;
			proxyType = 1;
			remoteGlobalIDString = BF670FA5234A2D020083CE8B;
			remoteInfo = ReactDict;
		};
/* End PBXContainerItemProxy section */

/* Begin PBXFileReference section */
		090BF3222396C25A0022E9E6 /* TagListView.swift */ = {isa = PBXFileReference; fileEncoding = 4; lastKnownFileType = sourcecode.swift; path = TagListView.swift; sourceTree = "<group>"; };
		090BF3232396C25A0022E9E6 /* CloseButton.swift */ = {isa = PBXFileReference; fileEncoding = 4; lastKnownFileType = sourcecode.swift; path = CloseButton.swift; sourceTree = "<group>"; };
		090BF3242396C25A0022E9E6 /* TagListView.h */ = {isa = PBXFileReference; fileEncoding = 4; lastKnownFileType = sourcecode.c.h; path = TagListView.h; sourceTree = "<group>"; };
		090BF3252396C25A0022E9E6 /* TagView.swift */ = {isa = PBXFileReference; fileEncoding = 4; lastKnownFileType = sourcecode.swift; path = TagView.swift; sourceTree = "<group>"; };
		090BF32C23996E9B0022E9E6 /* ProgressServiceType.swift */ = {isa = PBXFileReference; lastKnownFileType = sourcecode.swift; path = ProgressServiceType.swift; sourceTree = "<group>"; };
		090BF32E239970B20022E9E6 /* ProgressService.swift */ = {isa = PBXFileReference; lastKnownFileType = sourcecode.swift; path = ProgressService.swift; sourceTree = "<group>"; };
		09E3E9A9238FD1B500E87254 /* LessonViewModel.swift */ = {isa = PBXFileReference; lastKnownFileType = sourcecode.swift; path = LessonViewModel.swift; sourceTree = "<group>"; };
		09E3E9AB238FD46F00E87254 /* TranslateExerciseViewModel.swift */ = {isa = PBXFileReference; lastKnownFileType = sourcecode.swift; path = TranslateExerciseViewModel.swift; sourceTree = "<group>"; };
		09E3E9AD238FD6DE00E87254 /* LessonViewController.swift */ = {isa = PBXFileReference; lastKnownFileType = sourcecode.swift; path = LessonViewController.swift; sourceTree = "<group>"; };
		BF670FA6234A2D020083CE8B /* ReactDict.app */ = {isa = PBXFileReference; explicitFileType = wrapper.application; includeInIndex = 0; path = ReactDict.app; sourceTree = BUILT_PRODUCTS_DIR; };
		BF670FA9234A2D020083CE8B /* AppDelegate.swift */ = {isa = PBXFileReference; lastKnownFileType = sourcecode.swift; path = AppDelegate.swift; sourceTree = "<group>"; };
		BF670FAB234A2D020083CE8B /* SceneDelegate.swift */ = {isa = PBXFileReference; lastKnownFileType = sourcecode.swift; path = SceneDelegate.swift; sourceTree = "<group>"; };
		BF670FB2234A2D020083CE8B /* Base */ = {isa = PBXFileReference; lastKnownFileType = file.storyboard; name = Base; path = Base.lproj/Main.storyboard; sourceTree = "<group>"; };
		BF670FB4234A2D030083CE8B /* Assets.xcassets */ = {isa = PBXFileReference; lastKnownFileType = folder.assetcatalog; path = Assets.xcassets; sourceTree = "<group>"; };
		BF670FB7234A2D030083CE8B /* Base */ = {isa = PBXFileReference; lastKnownFileType = file.storyboard; name = Base; path = Base.lproj/LaunchScreen.storyboard; sourceTree = "<group>"; };
		BF670FB9234A2D030083CE8B /* Info.plist */ = {isa = PBXFileReference; lastKnownFileType = text.plist.xml; path = Info.plist; sourceTree = "<group>"; };
		BF670FBE234A2D030083CE8B /* ReactDictTests.xctest */ = {isa = PBXFileReference; explicitFileType = wrapper.cfbundle; includeInIndex = 0; path = ReactDictTests.xctest; sourceTree = BUILT_PRODUCTS_DIR; };
		BF670FC2234A2D030083CE8B /* ReactDictTests.swift */ = {isa = PBXFileReference; lastKnownFileType = sourcecode.swift; path = ReactDictTests.swift; sourceTree = "<group>"; };
		BF670FC4234A2D030083CE8B /* Info.plist */ = {isa = PBXFileReference; lastKnownFileType = text.plist.xml; path = Info.plist; sourceTree = "<group>"; };
		BFA506D12359C509004BC4DB /* Scene.swift */ = {isa = PBXFileReference; lastKnownFileType = sourcecode.swift; path = Scene.swift; sourceTree = "<group>"; };
		BFA506D52359C644004BC4DB /* WordsViewModel.swift */ = {isa = PBXFileReference; lastKnownFileType = sourcecode.swift; path = WordsViewModel.swift; sourceTree = "<group>"; };
		BFA506D72359DA3A004BC4DB /* RxDataSources.framework */ = {isa = PBXFileReference; lastKnownFileType = wrapper.framework; name = RxDataSources.framework; path = Carthage/Build/iOS/RxDataSources.framework; sourceTree = "<group>"; };
		BFA55638239AB19F0085EFC6 /* ExerciseHistoryItem.swift */ = {isa = PBXFileReference; lastKnownFileType = sourcecode.swift; path = ExerciseHistoryItem.swift; sourceTree = "<group>"; };
		BFA5563A239AB1B30085EFC6 /* WordProgressStateItem.swift */ = {isa = PBXFileReference; lastKnownFileType = sourcecode.swift; path = WordProgressStateItem.swift; sourceTree = "<group>"; };
		BFAD5D7023508F050067FA4B /* Realm.framework */ = {isa = PBXFileReference; lastKnownFileType = wrapper.framework; name = Realm.framework; path = ../Carthage/Build/iOS/Realm.framework; sourceTree = "<group>"; };
		BFAD5D7123508F050067FA4B /* RealmSwift.framework */ = {isa = PBXFileReference; lastKnownFileType = wrapper.framework; name = RealmSwift.framework; path = ../Carthage/Build/iOS/RealmSwift.framework; sourceTree = "<group>"; };
		BFAD5D79235096920067FA4B /* Realm.framework */ = {isa = PBXFileReference; lastKnownFileType = wrapper.framework; name = Realm.framework; path = Carthage/Build/iOS/Realm.framework; sourceTree = "<group>"; };
		BFAD5D7A235096920067FA4B /* RealmSwift.framework */ = {isa = PBXFileReference; lastKnownFileType = wrapper.framework; name = RealmSwift.framework; path = Carthage/Build/iOS/RealmSwift.framework; sourceTree = "<group>"; };
		BFB3D543235A146E009BBB35 /* SceneCoordinatorType.swift */ = {isa = PBXFileReference; lastKnownFileType = sourcecode.swift; path = SceneCoordinatorType.swift; sourceTree = "<group>"; };
		BFB3D545235A14C4009BBB35 /* SceneTransitionType.swift */ = {isa = PBXFileReference; lastKnownFileType = sourcecode.swift; path = SceneTransitionType.swift; sourceTree = "<group>"; };
		BFD10C052350E24400CAA9C3 /* DictionaryNetworkService.swift */ = {isa = PBXFileReference; lastKnownFileType = sourcecode.swift; path = DictionaryNetworkService.swift; sourceTree = "<group>"; };
		BFD10C072350E27100CAA9C3 /* DictionaryNetworkServiceType.swift */ = {isa = PBXFileReference; lastKnownFileType = sourcecode.swift; path = DictionaryNetworkServiceType.swift; sourceTree = "<group>"; };
		BFD10C0A2350E39D00CAA9C3 /* Word.swift */ = {isa = PBXFileReference; lastKnownFileType = sourcecode.swift; path = Word.swift; sourceTree = "<group>"; };
		BFD10C0D2350E68600CAA9C3 /* cz-ru.json */ = {isa = PBXFileReference; fileEncoding = 4; lastKnownFileType = text.json; path = "cz-ru.json"; sourceTree = "<group>"; };
		BFD10C0F2350E88400CAA9C3 /* Exercise.swift */ = {isa = PBXFileReference; lastKnownFileType = sourcecode.swift; path = Exercise.swift; sourceTree = "<group>"; };
		BFD10C112350EACE00CAA9C3 /* DictionaryNetworkServiceTests.swift */ = {isa = PBXFileReference; lastKnownFileType = sourcecode.swift; path = DictionaryNetworkServiceTests.swift; sourceTree = "<group>"; };
		BFD48CB523898B9B001701A3 /* DictionaryProviderType.swift */ = {isa = PBXFileReference; lastKnownFileType = sourcecode.swift; path = DictionaryProviderType.swift; sourceTree = "<group>"; };
		BFD48CB723898BFC001701A3 /* DictionaryProvider.swift */ = {isa = PBXFileReference; lastKnownFileType = sourcecode.swift; path = DictionaryProvider.swift; sourceTree = "<group>"; };
		BFE10D972370B0C5002444B8 /* StorageServiceType.swift */ = {isa = PBXFileReference; lastKnownFileType = sourcecode.swift; path = StorageServiceType.swift; sourceTree = "<group>"; };
		BFE10D992370B31C002444B8 /* WordItem.swift */ = {isa = PBXFileReference; lastKnownFileType = sourcecode.swift; path = WordItem.swift; sourceTree = "<group>"; };
		BFE10D9B2370BE09002444B8 /* DictionaryItem.swift */ = {isa = PBXFileReference; lastKnownFileType = sourcecode.swift; path = DictionaryItem.swift; sourceTree = "<group>"; };
		BFE10D9D2370BFAB002444B8 /* StorageService.swift */ = {isa = PBXFileReference; lastKnownFileType = sourcecode.swift; path = StorageService.swift; sourceTree = "<group>"; };
		BFEF2171235B04FC004F59F5 /* SceneCoordinator.swift */ = {isa = PBXFileReference; lastKnownFileType = sourcecode.swift; path = SceneCoordinator.swift; sourceTree = "<group>"; };
		BFEF2173235B0679004F59F5 /* Scene+ViewController.swift */ = {isa = PBXFileReference; lastKnownFileType = sourcecode.swift; path = "Scene+ViewController.swift"; sourceTree = "<group>"; };
		BFEF2175235B07EE004F59F5 /* WordsViewController.swift */ = {isa = PBXFileReference; lastKnownFileType = sourcecode.swift; path = WordsViewController.swift; sourceTree = "<group>"; };
		BFEF2177235B07FE004F59F5 /* LanguageViewController.swift */ = {isa = PBXFileReference; lastKnownFileType = sourcecode.swift; path = LanguageViewController.swift; sourceTree = "<group>"; };
		BFEF2179235B081E004F59F5 /* TranslateViewController.swift */ = {isa = PBXFileReference; lastKnownFileType = sourcecode.swift; path = TranslateViewController.swift; sourceTree = "<group>"; };
		BFEF217B235B0A79004F59F5 /* LanguageViewModel.swift */ = {isa = PBXFileReference; lastKnownFileType = sourcecode.swift; path = LanguageViewModel.swift; sourceTree = "<group>"; };
		BFEF217D235B0BB1004F59F5 /* BindableType.swift */ = {isa = PBXFileReference; lastKnownFileType = sourcecode.swift; path = BindableType.swift; sourceTree = "<group>"; };
		BFEF217F235B1CB4004F59F5 /* Dictionary.swift */ = {isa = PBXFileReference; lastKnownFileType = sourcecode.swift; path = Dictionary.swift; sourceTree = "<group>"; };
		BFEF2181235B3633004F59F5 /* NSObject_Rx.framework */ = {isa = PBXFileReference; lastKnownFileType = wrapper.framework; name = NSObject_Rx.framework; path = Carthage/Build/iOS/NSObject_Rx.framework; sourceTree = "<group>"; };
		BFFF58FF2367069500D6ADBE /* PartOfSpeech.swift */ = {isa = PBXFileReference; lastKnownFileType = sourcecode.swift; path = PartOfSpeech.swift; sourceTree = "<group>"; };
		BFFF590323670D6100D6ADBE /* WordTableViewCell.swift */ = {isa = PBXFileReference; lastKnownFileType = sourcecode.swift; path = WordTableViewCell.swift; sourceTree = "<group>"; };
/* End PBXFileReference section */

/* Begin PBXFrameworksBuildPhase section */
		BF670FA3234A2D020083CE8B /* Frameworks */ = {
			isa = PBXFrameworksBuildPhase;
			buildActionMask = 2147483647;
			files = (
				BF3F8C98235B7CDD00143448 /* RxDataSources in Frameworks */,
				BFAD5D6C235081B90067FA4B /* RxCocoa in Frameworks */,
				BFAD5D6E235081B90067FA4B /* RxBlocking in Frameworks */,
				092B5B68238EC6C900DCBBFC /* RxSwiftExt in Frameworks */,
				BF3F8C9E235B7F2000143448 /* RxRealm in Frameworks */,
				BFA506CF2359ABB1004BC4DB /* RxAlamofire in Frameworks */,
				BF3F8C9B235B7E6400143448 /* RealmSwift in Frameworks */,
				BF3F8C96235B7CDD00143448 /* Differentiator in Frameworks */,
				BFAD5D68235081B90067FA4B /* RxSwift in Frameworks */,
			);
			runOnlyForDeploymentPostprocessing = 0;
		};
		BF670FBB234A2D030083CE8B /* Frameworks */ = {
			isa = PBXFrameworksBuildPhase;
			buildActionMask = 2147483647;
			files = (
			);
			runOnlyForDeploymentPostprocessing = 0;
		};
/* End PBXFrameworksBuildPhase section */

/* Begin PBXGroup section */
		BF4266E72395ACD0009F07E8 /* ThirdParty */ = {
			isa = PBXGroup;
			children = (
				BF4266E82395AD27009F07E8 /* TagListView */,
			);
			path = ThirdParty;
			sourceTree = "<group>";
		};
		BF4266E82395AD27009F07E8 /* TagListView */ = {
			isa = PBXGroup;
			children = (
				090BF3232396C25A0022E9E6 /* CloseButton.swift */,
				090BF3242396C25A0022E9E6 /* TagListView.h */,
				090BF3222396C25A0022E9E6 /* TagListView.swift */,
				090BF3252396C25A0022E9E6 /* TagView.swift */,
			);
			path = TagListView;
			sourceTree = "<group>";
		};
		BF670F9D234A2D020083CE8B = {
			isa = PBXGroup;
			children = (
				BF670FA8234A2D020083CE8B /* ReactDict */,
				BF670FC1234A2D030083CE8B /* ReactDictTests */,
				BF670FA7234A2D020083CE8B /* Products */,
				BFAD5D6F23508F050067FA4B /* Frameworks */,
			);
			sourceTree = "<group>";
		};
		BF670FA7234A2D020083CE8B /* Products */ = {
			isa = PBXGroup;
			children = (
				BF670FA6234A2D020083CE8B /* ReactDict.app */,
				BF670FBE234A2D030083CE8B /* ReactDictTests.xctest */,
			);
			name = Products;
			sourceTree = "<group>";
		};
		BF670FA8234A2D020083CE8B /* ReactDict */ = {
			isa = PBXGroup;
			children = (
				BF4266E72395ACD0009F07E8 /* ThirdParty */,
				BF670FCD234A4C970083CE8B /* Sources */,
				BF670FB1234A2D020083CE8B /* Main.storyboard */,
				BF670FB4234A2D030083CE8B /* Assets.xcassets */,
				BF670FB6234A2D030083CE8B /* LaunchScreen.storyboard */,
				BF670FB9234A2D030083CE8B /* Info.plist */,
			);
			path = ReactDict;
			sourceTree = "<group>";
		};
		BF670FC1234A2D030083CE8B /* ReactDictTests */ = {
			isa = PBXGroup;
			children = (
				BFD10C112350EACE00CAA9C3 /* DictionaryNetworkServiceTests.swift */,
				BFD10C0C2350E43200CAA9C3 /* Resources */,
				BF670FC2234A2D030083CE8B /* ReactDictTests.swift */,
				BF670FC4234A2D030083CE8B /* Info.plist */,
			);
			path = ReactDictTests;
			sourceTree = "<group>";
		};
		BF670FCD234A4C970083CE8B /* Sources */ = {
			isa = PBXGroup;
			children = (
				BFA506D32359C615004BC4DB /* ViewsAndControllers */,
				BFA506D02359C4E6004BC4DB /* Scenes */,
				BFD10C092350E2D200CAA9C3 /* Model */,
				BFD10C042350E20B00CAA9C3 /* Services */,
				BF670FCE234A4C970083CE8B /* ReactDict */,
			);
			path = Sources;
			sourceTree = "<group>";
		};
		BF670FCE234A4C970083CE8B /* ReactDict */ = {
			isa = PBXGroup;
			children = (
				BF670FA9234A2D020083CE8B /* AppDelegate.swift */,
				BF670FAB234A2D020083CE8B /* SceneDelegate.swift */,
			);
			path = ReactDict;
			sourceTree = "<group>";
		};
		BFA396642392B4E800D7FF47 /* TranslateExercise */ = {
			isa = PBXGroup;
			children = (
				BFEF2179235B081E004F59F5 /* TranslateViewController.swift */,
				09E3E9AB238FD46F00E87254 /* TranslateExerciseViewModel.swift */,
			);
			path = TranslateExercise;
			sourceTree = "<group>";
		};
		BFA396652392B4F500D7FF47 /* LanguageStart */ = {
			isa = PBXGroup;
			children = (
				BFEF2177235B07FE004F59F5 /* LanguageViewController.swift */,
				BFEF217B235B0A79004F59F5 /* LanguageViewModel.swift */,
			);
			path = LanguageStart;
			sourceTree = "<group>";
		};
		BFA396662392B50000D7FF47 /* WordsList */ = {
			isa = PBXGroup;
			children = (
				BFA506D52359C644004BC4DB /* WordsViewModel.swift */,
				BFEF2175235B07EE004F59F5 /* WordsViewController.swift */,
			);
			path = WordsList;
			sourceTree = "<group>";
		};
		BFA396672392B50D00D7FF47 /* Lesson */ = {
			isa = PBXGroup;
			children = (
				09E3E9A9238FD1B500E87254 /* LessonViewModel.swift */,
				09E3E9AD238FD6DE00E87254 /* LessonViewController.swift */,
			);
			path = Lesson;
			sourceTree = "<group>";
		};
		BFA506D02359C4E6004BC4DB /* Scenes */ = {
			isa = PBXGroup;
			children = (
				BFA506D12359C509004BC4DB /* Scene.swift */,
				BFEF2173235B0679004F59F5 /* Scene+ViewController.swift */,
				BFB3D543235A146E009BBB35 /* SceneCoordinatorType.swift */,
				BFB3D545235A14C4009BBB35 /* SceneTransitionType.swift */,
				BFEF2171235B04FC004F59F5 /* SceneCoordinator.swift */,
			);
			path = Scenes;
			sourceTree = "<group>";
		};
		BFA506D32359C615004BC4DB /* ViewsAndControllers */ = {
			isa = PBXGroup;
			children = (
				BFFF590123670D4600D6ADBE /* UI */,
				BFA506D42359C61F004BC4DB /* Controllers */,
			);
			path = ViewsAndControllers;
			sourceTree = "<group>";
		};
		BFA506D42359C61F004BC4DB /* Controllers */ = {
			isa = PBXGroup;
			children = (
				BFEF217D235B0BB1004F59F5 /* BindableType.swift */,
				BFA396662392B50000D7FF47 /* WordsList */,
				BFA396652392B4F500D7FF47 /* LanguageStart */,
				BFA396642392B4E800D7FF47 /* TranslateExercise */,
				BFA396672392B50D00D7FF47 /* Lesson */,
			);
			path = Controllers;
			sourceTree = "<group>";
		};
		BFAD5D6F23508F050067FA4B /* Frameworks */ = {
			isa = PBXGroup;
			children = (
				BFEF2181235B3633004F59F5 /* NSObject_Rx.framework */,
				BFA506D72359DA3A004BC4DB /* RxDataSources.framework */,
				BFAD5D79235096920067FA4B /* Realm.framework */,
				BFAD5D7A235096920067FA4B /* RealmSwift.framework */,
				BFAD5D7023508F050067FA4B /* Realm.framework */,
				BFAD5D7123508F050067FA4B /* RealmSwift.framework */,
			);
			name = Frameworks;
			sourceTree = "<group>";
		};
		BFD10C042350E20B00CAA9C3 /* Services */ = {
			isa = PBXGroup;
			children = (
				BFD10C052350E24400CAA9C3 /* DictionaryNetworkService.swift */,
				BFD10C072350E27100CAA9C3 /* DictionaryNetworkServiceType.swift */,
				BFE10D972370B0C5002444B8 /* StorageServiceType.swift */,
				BFE10D9D2370BFAB002444B8 /* StorageService.swift */,
				BFD48CB523898B9B001701A3 /* DictionaryProviderType.swift */,
				BFD48CB723898BFC001701A3 /* DictionaryProvider.swift */,
				090BF32C23996E9B0022E9E6 /* ProgressServiceType.swift */,
				090BF32E239970B20022E9E6 /* ProgressService.swift */,
			);
			path = Services;
			sourceTree = "<group>";
		};
		BFD10C092350E2D200CAA9C3 /* Model */ = {
			isa = PBXGroup;
			children = (
				BFD10C0A2350E39D00CAA9C3 /* Word.swift */,
				BFD10C0F2350E88400CAA9C3 /* Exercise.swift */,
				BFEF217F235B1CB4004F59F5 /* Dictionary.swift */,
				BFFF58FF2367069500D6ADBE /* PartOfSpeech.swift */,
				BFE10D992370B31C002444B8 /* WordItem.swift */,
				BFE10D9B2370BE09002444B8 /* DictionaryItem.swift */,
				BFA55638239AB19F0085EFC6 /* ExerciseHistoryItem.swift */,
				BFA5563A239AB1B30085EFC6 /* WordProgressStateItem.swift */,
			);
			path = Model;
			sourceTree = "<group>";
		};
		BFD10C0C2350E43200CAA9C3 /* Resources */ = {
			isa = PBXGroup;
			children = (
				BFD10C0D2350E68600CAA9C3 /* cz-ru.json */,
			);
			path = Resources;
			sourceTree = "<group>";
		};
		BFFF590123670D4600D6ADBE /* UI */ = {
			isa = PBXGroup;
			children = (
				BFFF590223670D5000D6ADBE /* Cells */,
			);
			path = UI;
			sourceTree = "<group>";
		};
		BFFF590223670D5000D6ADBE /* Cells */ = {
			isa = PBXGroup;
			children = (
				BFFF590323670D6100D6ADBE /* WordTableViewCell.swift */,
			);
			path = Cells;
			sourceTree = "<group>";
		};
/* End PBXGroup section */

/* Begin PBXNativeTarget section */
		BF670FA5234A2D020083CE8B /* ReactDict */ = {
			isa = PBXNativeTarget;
			buildConfigurationList = BF670FC7234A2D030083CE8B /* Build configuration list for PBXNativeTarget "ReactDict" */;
			buildPhases = (
				BF670FA2234A2D020083CE8B /* Sources */,
				BF670FA3234A2D020083CE8B /* Frameworks */,
				BF670FA4234A2D020083CE8B /* Resources */,
				BFAD5D7723508F570067FA4B /* Carthage copy-frameworks */,
			);
			buildRules = (
			);
			dependencies = (
			);
			name = ReactDict;
			packageProductDependencies = (
				BFAD5D67235081B90067FA4B /* RxSwift */,
				BFAD5D6B235081B90067FA4B /* RxCocoa */,
				BFAD5D6D235081B90067FA4B /* RxBlocking */,
				BFA506CE2359ABB1004BC4DB /* RxAlamofire */,
				BF3F8C95235B7CDD00143448 /* Differentiator */,
				BF3F8C97235B7CDD00143448 /* RxDataSources */,
				BF3F8C9A235B7E6400143448 /* RealmSwift */,
				BF3F8C9D235B7F2000143448 /* RxRealm */,
				092B5B67238EC6C900DCBBFC /* RxSwiftExt */,
			);
			productName = ReactDict;
			productReference = BF670FA6234A2D020083CE8B /* ReactDict.app */;
			productType = "com.apple.product-type.application";
		};
		BF670FBD234A2D030083CE8B /* ReactDictTests */ = {
			isa = PBXNativeTarget;
			buildConfigurationList = BF670FCA234A2D030083CE8B /* Build configuration list for PBXNativeTarget "ReactDictTests" */;
			buildPhases = (
				BF670FBA234A2D030083CE8B /* Sources */,
				BF670FBB234A2D030083CE8B /* Frameworks */,
				BF670FBC234A2D030083CE8B /* Resources */,
			);
			buildRules = (
			);
			dependencies = (
				BF670FC0234A2D030083CE8B /* PBXTargetDependency */,
			);
			name = ReactDictTests;
			productName = ReactDictTests;
			productReference = BF670FBE234A2D030083CE8B /* ReactDictTests.xctest */;
			productType = "com.apple.product-type.bundle.unit-test";
		};
/* End PBXNativeTarget section */

/* Begin PBXProject section */
		BF670F9E234A2D020083CE8B /* Project object */ = {
			isa = PBXProject;
			attributes = {
				LastSwiftUpdateCheck = 1100;
				LastUpgradeCheck = 1100;
				ORGANIZATIONNAME = naschekrasche;
				TargetAttributes = {
					BF670FA5234A2D020083CE8B = {
						CreatedOnToolsVersion = 11.0;
					};
					BF670FBD234A2D030083CE8B = {
						CreatedOnToolsVersion = 11.0;
						TestTargetID = BF670FA5234A2D020083CE8B;
					};
				};
			};
			buildConfigurationList = BF670FA1234A2D020083CE8B /* Build configuration list for PBXProject "ReactDict" */;
			compatibilityVersion = "Xcode 9.3";
			developmentRegion = en;
			hasScannedForEncodings = 0;
			knownRegions = (
				en,
				Base,
			);
			mainGroup = BF670F9D234A2D020083CE8B;
			packageReferences = (
				BFAD5D66235081B90067FA4B /* XCRemoteSwiftPackageReference "RxSwift" */,
				BFA506CD2359ABB1004BC4DB /* XCRemoteSwiftPackageReference "RxAlamofire" */,
				BF3F8C94235B7CDD00143448 /* XCRemoteSwiftPackageReference "RxDataSources" */,
				BF3F8C99235B7E6400143448 /* XCRemoteSwiftPackageReference "realm-cocoa" */,
				BF3F8C9C235B7F2000143448 /* XCRemoteSwiftPackageReference "RxRealm" */,
				092B5B66238EC6C900DCBBFC /* XCRemoteSwiftPackageReference "RxSwiftExt" */,
			);
			productRefGroup = BF670FA7234A2D020083CE8B /* Products */;
			projectDirPath = "";
			projectRoot = "";
			targets = (
				BF670FA5234A2D020083CE8B /* ReactDict */,
				BF670FBD234A2D030083CE8B /* ReactDictTests */,
			);
		};
/* End PBXProject section */

/* Begin PBXResourcesBuildPhase section */
		BF670FA4234A2D020083CE8B /* Resources */ = {
			isa = PBXResourcesBuildPhase;
			buildActionMask = 2147483647;
			files = (
				BF670FB8234A2D030083CE8B /* LaunchScreen.storyboard in Resources */,
				BF670FB5234A2D030083CE8B /* Assets.xcassets in Resources */,
				BF670FB3234A2D020083CE8B /* Main.storyboard in Resources */,
			);
			runOnlyForDeploymentPostprocessing = 0;
		};
		BF670FBC234A2D030083CE8B /* Resources */ = {
			isa = PBXResourcesBuildPhase;
			buildActionMask = 2147483647;
			files = (
				BFD10C0E2350E68600CAA9C3 /* cz-ru.json in Resources */,
			);
			runOnlyForDeploymentPostprocessing = 0;
		};
/* End PBXResourcesBuildPhase section */

/* Begin PBXShellScriptBuildPhase section */
		BFAD5D7723508F570067FA4B /* Carthage copy-frameworks */ = {
			isa = PBXShellScriptBuildPhase;
			buildActionMask = 2147483647;
			files = (
			);
			inputFileListPaths = (
			);
			inputPaths = (
				"$(PROJECT_DIR)/Carthage/Build/iOS/RealmSwift.framework",
				"$(PROJECT_DIR)/Carthage/Build/iOS/Realm.framework",
				"$(PROJECT_DIR)/Carthage/Build/iOS/RxDataSources.framework",
			);
			name = "Carthage copy-frameworks";
			outputFileListPaths = (
			);
			outputPaths = (
			);
			runOnlyForDeploymentPostprocessing = 0;
			shellPath = /bin/sh;
			shellScript = "#/usr/local/bin/carthage copy-frameworks\n";
		};
/* End PBXShellScriptBuildPhase section */

/* Begin PBXSourcesBuildPhase section */
		BF670FA2234A2D020083CE8B /* Sources */ = {
			isa = PBXSourcesBuildPhase;
			buildActionMask = 2147483647;
			files = (
				BFA506D62359C644004BC4DB /* WordsViewModel.swift in Sources */,
				BFEF2180235B1CB4004F59F5 /* Dictionary.swift in Sources */,
				BFA55639239AB19F0085EFC6 /* ExerciseHistoryItem.swift in Sources */,
				BFEF2174235B0679004F59F5 /* Scene+ViewController.swift in Sources */,
				BFD10C0B2350E39D00CAA9C3 /* Word.swift in Sources */,
				BFEF217C235B0A79004F59F5 /* LanguageViewModel.swift in Sources */,
				09E3E9AE238FD6DE00E87254 /* LessonViewController.swift in Sources */,
				BF670FAA234A2D020083CE8B /* AppDelegate.swift in Sources */,
				BFEF217A235B081E004F59F5 /* TranslateViewController.swift in Sources */,
				BFEF217E235B0BB1004F59F5 /* BindableType.swift in Sources */,
				090BF3262396C25A0022E9E6 /* TagListView.swift in Sources */,
				BF670FAC234A2D020083CE8B /* SceneDelegate.swift in Sources */,
				BFFF590423670D6100D6ADBE /* WordTableViewCell.swift in Sources */,
				BFE10D9A2370B31C002444B8 /* WordItem.swift in Sources */,
				BFD10C102350E88400CAA9C3 /* Exercise.swift in Sources */,
				BFD10C082350E27100CAA9C3 /* DictionaryNetworkServiceType.swift in Sources */,
				BFE10D9E2370BFAB002444B8 /* StorageService.swift in Sources */,
				090BF3282396C25A0022E9E6 /* TagView.swift in Sources */,
				BFD48CB823898BFC001701A3 /* DictionaryProvider.swift in Sources */,
				BFD10C062350E24400CAA9C3 /* DictionaryNetworkService.swift in Sources */,
				BFE10D982370B0C5002444B8 /* StorageServiceType.swift in Sources */,
				BFEF2178235B07FE004F59F5 /* LanguageViewController.swift in Sources */,
				BFB3D544235A146E009BBB35 /* SceneCoordinatorType.swift in Sources */,
				BFA506D22359C509004BC4DB /* Scene.swift in Sources */,
				BFEF2176235B07EE004F59F5 /* WordsViewController.swift in Sources */,
				BFE10D9C2370BE09002444B8 /* DictionaryItem.swift in Sources */,
				BFFF59002367069500D6ADBE /* PartOfSpeech.swift in Sources */,
				BFA5563B239AB1B30085EFC6 /* WordProgressStateItem.swift in Sources */,
				090BF32F239970B20022E9E6 /* ProgressService.swift in Sources */,
				09E3E9AA238FD1B500E87254 /* LessonViewModel.swift in Sources */,
				090BF3272396C25A0022E9E6 /* CloseButton.swift in Sources */,
				BFB3D546235A14C4009BBB35 /* SceneTransitionType.swift in Sources */,
				090BF32D23996E9B0022E9E6 /* ProgressServiceType.swift in Sources */,
				BFEF2172235B04FD004F59F5 /* SceneCoordinator.swift in Sources */,
				09E3E9AC238FD46F00E87254 /* TranslateExerciseViewModel.swift in Sources */,
				BFD48CB623898B9B001701A3 /* DictionaryProviderType.swift in Sources */,
			);
			runOnlyForDeploymentPostprocessing = 0;
		};
		BF670FBA234A2D030083CE8B /* Sources */ = {
			isa = PBXSourcesBuildPhase;
			buildActionMask = 2147483647;
			files = (
				BFD10C122350EACE00CAA9C3 /* DictionaryNetworkServiceTests.swift in Sources */,
				BF670FC3234A2D030083CE8B /* ReactDictTests.swift in Sources */,
			);
			runOnlyForDeploymentPostprocessing = 0;
		};
/* End PBXSourcesBuildPhase section */

/* Begin PBXTargetDependency section */
		BF670FC0234A2D030083CE8B /* PBXTargetDependency */ = {
			isa = PBXTargetDependency;
			target = BF670FA5234A2D020083CE8B /* ReactDict */;
			targetProxy = BF670FBF234A2D030083CE8B /* PBXContainerItemProxy */;
		};
/* End PBXTargetDependency section */

/* Begin PBXVariantGroup section */
		BF670FB1234A2D020083CE8B /* Main.storyboard */ = {
			isa = PBXVariantGroup;
			children = (
				BF670FB2234A2D020083CE8B /* Base */,
			);
			name = Main.storyboard;
			sourceTree = "<group>";
		};
		BF670FB6234A2D030083CE8B /* LaunchScreen.storyboard */ = {
			isa = PBXVariantGroup;
			children = (
				BF670FB7234A2D030083CE8B /* Base */,
			);
			name = LaunchScreen.storyboard;
			sourceTree = "<group>";
		};
/* End PBXVariantGroup section */

/* Begin XCBuildConfiguration section */
		BF670FC5234A2D030083CE8B /* Debug */ = {
			isa = XCBuildConfiguration;
			buildSettings = {
				ALWAYS_SEARCH_USER_PATHS = NO;
				CLANG_ANALYZER_NONNULL = YES;
				CLANG_ANALYZER_NUMBER_OBJECT_CONVERSION = YES_AGGRESSIVE;
				CLANG_CXX_LANGUAGE_STANDARD = "gnu++14";
				CLANG_CXX_LIBRARY = "libc++";
				CLANG_ENABLE_MODULES = YES;
				CLANG_ENABLE_OBJC_ARC = YES;
				CLANG_ENABLE_OBJC_WEAK = YES;
				CLANG_WARN_BLOCK_CAPTURE_AUTORELEASING = YES;
				CLANG_WARN_BOOL_CONVERSION = YES;
				CLANG_WARN_COMMA = YES;
				CLANG_WARN_CONSTANT_CONVERSION = YES;
				CLANG_WARN_DEPRECATED_OBJC_IMPLEMENTATIONS = YES;
				CLANG_WARN_DIRECT_OBJC_ISA_USAGE = YES_ERROR;
				CLANG_WARN_DOCUMENTATION_COMMENTS = YES;
				CLANG_WARN_EMPTY_BODY = YES;
				CLANG_WARN_ENUM_CONVERSION = YES;
				CLANG_WARN_INFINITE_RECURSION = YES;
				CLANG_WARN_INT_CONVERSION = YES;
				CLANG_WARN_NON_LITERAL_NULL_CONVERSION = YES;
				CLANG_WARN_OBJC_IMPLICIT_RETAIN_SELF = YES;
				CLANG_WARN_OBJC_LITERAL_CONVERSION = YES;
				CLANG_WARN_OBJC_ROOT_CLASS = YES_ERROR;
				CLANG_WARN_RANGE_LOOP_ANALYSIS = YES;
				CLANG_WARN_STRICT_PROTOTYPES = YES;
				CLANG_WARN_SUSPICIOUS_MOVE = YES;
				CLANG_WARN_UNGUARDED_AVAILABILITY = YES_AGGRESSIVE;
				CLANG_WARN_UNREACHABLE_CODE = YES;
				CLANG_WARN__DUPLICATE_METHOD_MATCH = YES;
				COPY_PHASE_STRIP = NO;
				DEBUG_INFORMATION_FORMAT = dwarf;
				ENABLE_STRICT_OBJC_MSGSEND = YES;
				ENABLE_TESTABILITY = YES;
				GCC_C_LANGUAGE_STANDARD = gnu11;
				GCC_DYNAMIC_NO_PIC = NO;
				GCC_NO_COMMON_BLOCKS = YES;
				GCC_OPTIMIZATION_LEVEL = 0;
				GCC_PREPROCESSOR_DEFINITIONS = (
					"DEBUG=1",
					"$(inherited)",
				);
				GCC_WARN_64_TO_32_BIT_CONVERSION = YES;
				GCC_WARN_ABOUT_RETURN_TYPE = YES_ERROR;
				GCC_WARN_UNDECLARED_SELECTOR = YES;
				GCC_WARN_UNINITIALIZED_AUTOS = YES_AGGRESSIVE;
				GCC_WARN_UNUSED_FUNCTION = YES;
				GCC_WARN_UNUSED_VARIABLE = YES;
				IPHONEOS_DEPLOYMENT_TARGET = 13.0;
				MTL_ENABLE_DEBUG_INFO = INCLUDE_SOURCE;
				MTL_FAST_MATH = YES;
				ONLY_ACTIVE_ARCH = YES;
				SDKROOT = iphoneos;
				SWIFT_ACTIVE_COMPILATION_CONDITIONS = DEBUG;
				SWIFT_OPTIMIZATION_LEVEL = "-Onone";
			};
			name = Debug;
		};
		BF670FC6234A2D030083CE8B /* Release */ = {
			isa = XCBuildConfiguration;
			buildSettings = {
				ALWAYS_SEARCH_USER_PATHS = NO;
				CLANG_ANALYZER_NONNULL = YES;
				CLANG_ANALYZER_NUMBER_OBJECT_CONVERSION = YES_AGGRESSIVE;
				CLANG_CXX_LANGUAGE_STANDARD = "gnu++14";
				CLANG_CXX_LIBRARY = "libc++";
				CLANG_ENABLE_MODULES = YES;
				CLANG_ENABLE_OBJC_ARC = YES;
				CLANG_ENABLE_OBJC_WEAK = YES;
				CLANG_WARN_BLOCK_CAPTURE_AUTORELEASING = YES;
				CLANG_WARN_BOOL_CONVERSION = YES;
				CLANG_WARN_COMMA = YES;
				CLANG_WARN_CONSTANT_CONVERSION = YES;
				CLANG_WARN_DEPRECATED_OBJC_IMPLEMENTATIONS = YES;
				CLANG_WARN_DIRECT_OBJC_ISA_USAGE = YES_ERROR;
				CLANG_WARN_DOCUMENTATION_COMMENTS = YES;
				CLANG_WARN_EMPTY_BODY = YES;
				CLANG_WARN_ENUM_CONVERSION = YES;
				CLANG_WARN_INFINITE_RECURSION = YES;
				CLANG_WARN_INT_CONVERSION = YES;
				CLANG_WARN_NON_LITERAL_NULL_CONVERSION = YES;
				CLANG_WARN_OBJC_IMPLICIT_RETAIN_SELF = YES;
				CLANG_WARN_OBJC_LITERAL_CONVERSION = YES;
				CLANG_WARN_OBJC_ROOT_CLASS = YES_ERROR;
				CLANG_WARN_RANGE_LOOP_ANALYSIS = YES;
				CLANG_WARN_STRICT_PROTOTYPES = YES;
				CLANG_WARN_SUSPICIOUS_MOVE = YES;
				CLANG_WARN_UNGUARDED_AVAILABILITY = YES_AGGRESSIVE;
				CLANG_WARN_UNREACHABLE_CODE = YES;
				CLANG_WARN__DUPLICATE_METHOD_MATCH = YES;
				COPY_PHASE_STRIP = NO;
				DEBUG_INFORMATION_FORMAT = "dwarf-with-dsym";
				ENABLE_NS_ASSERTIONS = NO;
				ENABLE_STRICT_OBJC_MSGSEND = YES;
				GCC_C_LANGUAGE_STANDARD = gnu11;
				GCC_NO_COMMON_BLOCKS = YES;
				GCC_WARN_64_TO_32_BIT_CONVERSION = YES;
				GCC_WARN_ABOUT_RETURN_TYPE = YES_ERROR;
				GCC_WARN_UNDECLARED_SELECTOR = YES;
				GCC_WARN_UNINITIALIZED_AUTOS = YES_AGGRESSIVE;
				GCC_WARN_UNUSED_FUNCTION = YES;
				GCC_WARN_UNUSED_VARIABLE = YES;
				IPHONEOS_DEPLOYMENT_TARGET = 13.0;
				MTL_ENABLE_DEBUG_INFO = NO;
				MTL_FAST_MATH = YES;
				SDKROOT = iphoneos;
				SWIFT_COMPILATION_MODE = wholemodule;
				SWIFT_OPTIMIZATION_LEVEL = "-O";
				VALIDATE_PRODUCT = YES;
			};
			name = Release;
		};
		BF670FC8234A2D030083CE8B /* Debug */ = {
			isa = XCBuildConfiguration;
			buildSettings = {
				ASSETCATALOG_COMPILER_APPICON_NAME = AppIcon;
				CODE_SIGN_STYLE = Automatic;
				DEAD_CODE_STRIPPING = NO;
				DEVELOPMENT_TEAM = TF2DE2DGLA;
				FRAMEWORK_SEARCH_PATHS = "";
				GCC_PREPROCESSOR_DEFINITIONS = (
					"DEBUG=1",
					"$(inherited)",
				);
				INFOPLIST_FILE = ReactDict/Info.plist;
				LD_RUNPATH_SEARCH_PATHS = (
					"$(inherited)",
					"@executable_path/Frameworks",
				);
				PRODUCT_BUNDLE_IDENTIFIER = com.naschekrasche.ReactDict;
				PRODUCT_NAME = "$(TARGET_NAME)";
				SWIFT_VERSION = 5.0;
				TARGETED_DEVICE_FAMILY = "1,2";
			};
			name = Debug;
		};
		BF670FC9234A2D030083CE8B /* Release */ = {
			isa = XCBuildConfiguration;
			buildSettings = {
				ASSETCATALOG_COMPILER_APPICON_NAME = AppIcon;
				CODE_SIGN_STYLE = Automatic;
				DEAD_CODE_STRIPPING = NO;
				DEVELOPMENT_TEAM = TF2DE2DGLA;
				FRAMEWORK_SEARCH_PATHS = "";
				INFOPLIST_FILE = ReactDict/Info.plist;
				LD_RUNPATH_SEARCH_PATHS = (
					"$(inherited)",
					"@executable_path/Frameworks",
				);
				PRODUCT_BUNDLE_IDENTIFIER = com.naschekrasche.ReactDict;
				PRODUCT_NAME = "$(TARGET_NAME)";
				SWIFT_VERSION = 5.0;
				TARGETED_DEVICE_FAMILY = "1,2";
			};
			name = Release;
		};
		BF670FCB234A2D030083CE8B /* Debug */ = {
			isa = XCBuildConfiguration;
			buildSettings = {
				ALWAYS_EMBED_SWIFT_STANDARD_LIBRARIES = YES;
				BUNDLE_LOADER = "$(TEST_HOST)";
				CODE_SIGN_STYLE = Automatic;
				DEVELOPMENT_TEAM = TF2DE2DGLA;
				INFOPLIST_FILE = ReactDictTests/Info.plist;
				IPHONEOS_DEPLOYMENT_TARGET = 13.0;
				LD_RUNPATH_SEARCH_PATHS = (
					"$(inherited)",
					"@executable_path/Frameworks",
					"@loader_path/Frameworks",
				);
				OTHER_SWIFT_FLAGS = "-Xcc -fmodule-map-file=$(PROJECT_TEMP_ROOT)/GeneratedModuleMaps/iphonesimulator/RxCocoaRuntime.modulemap";
				PRODUCT_BUNDLE_IDENTIFIER = com.naschekrasche.ReactDictTests;
				PRODUCT_NAME = "$(TARGET_NAME)";
				SWIFT_VERSION = 5.0;
				TARGETED_DEVICE_FAMILY = "1,2";
				TEST_HOST = "$(BUILT_PRODUCTS_DIR)/ReactDict.app/ReactDict";
			};
			name = Debug;
		};
		BF670FCC234A2D030083CE8B /* Release */ = {
			isa = XCBuildConfiguration;
			buildSettings = {
				ALWAYS_EMBED_SWIFT_STANDARD_LIBRARIES = YES;
				BUNDLE_LOADER = "$(TEST_HOST)";
				CODE_SIGN_STYLE = Automatic;
				DEVELOPMENT_TEAM = TF2DE2DGLA;
				INFOPLIST_FILE = ReactDictTests/Info.plist;
				IPHONEOS_DEPLOYMENT_TARGET = 13.0;
				LD_RUNPATH_SEARCH_PATHS = (
					"$(inherited)",
					"@executable_path/Frameworks",
					"@loader_path/Frameworks",
				);
				OTHER_SWIFT_FLAGS = "-Xcc -fmodule-map-file=$(PROJECT_TEMP_ROOT)/GeneratedModuleMaps/iphonesimulator/RxCocoaRuntime.modulemap";
				PRODUCT_BUNDLE_IDENTIFIER = com.naschekrasche.ReactDictTests;
				PRODUCT_NAME = "$(TARGET_NAME)";
				SWIFT_VERSION = 5.0;
				TARGETED_DEVICE_FAMILY = "1,2";
				TEST_HOST = "$(BUILT_PRODUCTS_DIR)/ReactDict.app/ReactDict";
			};
			name = Release;
		};
/* End XCBuildConfiguration section */

/* Begin XCConfigurationList section */
		BF670FA1234A2D020083CE8B /* Build configuration list for PBXProject "ReactDict" */ = {
			isa = XCConfigurationList;
			buildConfigurations = (
				BF670FC5234A2D030083CE8B /* Debug */,
				BF670FC6234A2D030083CE8B /* Release */,
			);
			defaultConfigurationIsVisible = 0;
			defaultConfigurationName = Release;
		};
		BF670FC7234A2D030083CE8B /* Build configuration list for PBXNativeTarget "ReactDict" */ = {
			isa = XCConfigurationList;
			buildConfigurations = (
				BF670FC8234A2D030083CE8B /* Debug */,
				BF670FC9234A2D030083CE8B /* Release */,
			);
			defaultConfigurationIsVisible = 0;
			defaultConfigurationName = Release;
		};
		BF670FCA234A2D030083CE8B /* Build configuration list for PBXNativeTarget "ReactDictTests" */ = {
			isa = XCConfigurationList;
			buildConfigurations = (
				BF670FCB234A2D030083CE8B /* Debug */,
				BF670FCC234A2D030083CE8B /* Release */,
			);
			defaultConfigurationIsVisible = 0;
			defaultConfigurationName = Release;
		};
/* End XCConfigurationList section */

/* Begin XCRemoteSwiftPackageReference section */
		092B5B66238EC6C900DCBBFC /* XCRemoteSwiftPackageReference "RxSwiftExt" */ = {
			isa = XCRemoteSwiftPackageReference;
			repositoryURL = "https://github.com/RxSwiftCommunity/RxSwiftExt";
			requirement = {
				kind = upToNextMajorVersion;
				minimumVersion = 5.1.1;
			};
		};
		BF3F8C94235B7CDD00143448 /* XCRemoteSwiftPackageReference "RxDataSources" */ = {
			isa = XCRemoteSwiftPackageReference;
			repositoryURL = "https://github.com/RxSwiftCommunity/RxDataSources";
			requirement = {
				kind = upToNextMajorVersion;
				minimumVersion = 4.0.1;
			};
		};
		BF3F8C99235B7E6400143448 /* XCRemoteSwiftPackageReference "realm-cocoa" */ = {
			isa = XCRemoteSwiftPackageReference;
			repositoryURL = "https://github.com/realm/realm-cocoa.git";
			requirement = {
				kind = upToNextMajorVersion;
				minimumVersion = 3.19.1;
			};
		};
		BF3F8C9C235B7F2000143448 /* XCRemoteSwiftPackageReference "RxRealm" */ = {
			isa = XCRemoteSwiftPackageReference;
			repositoryURL = "https://github.com/RxSwiftCommunity/RxRealm";
			requirement = {
				kind = upToNextMajorVersion;
				minimumVersion = 1.0.1;
			};
		};
		BFA506CD2359ABB1004BC4DB /* XCRemoteSwiftPackageReference "RxAlamofire" */ = {
			isa = XCRemoteSwiftPackageReference;
			repositoryURL = "https://github.com/RxSwiftCommunity/RxAlamofire.git";
			requirement = {
				kind = upToNextMajorVersion;
				minimumVersion = 5.1.0;
			};
		};
		BFAD5D66235081B90067FA4B /* XCRemoteSwiftPackageReference "RxSwift" */ = {
			isa = XCRemoteSwiftPackageReference;
			repositoryURL = "https://github.com/ReactiveX/RxSwift.git";
			requirement = {
				kind = upToNextMajorVersion;
				minimumVersion = 5.0.1;
			};
		};
/* End XCRemoteSwiftPackageReference section */

/* Begin XCSwiftPackageProductDependency section */
		092B5B67238EC6C900DCBBFC /* RxSwiftExt */ = {
			isa = XCSwiftPackageProductDependency;
			package = 092B5B66238EC6C900DCBBFC /* XCRemoteSwiftPackageReference "RxSwiftExt" */;
			productName = RxSwiftExt;
		};
		BF3F8C95235B7CDD00143448 /* Differentiator */ = {
			isa = XCSwiftPackageProductDependency;
			package = BF3F8C94235B7CDD00143448 /* XCRemoteSwiftPackageReference "RxDataSources" */;
			productName = Differentiator;
		};
		BF3F8C97235B7CDD00143448 /* RxDataSources */ = {
			isa = XCSwiftPackageProductDependency;
			package = BF3F8C94235B7CDD00143448 /* XCRemoteSwiftPackageReference "RxDataSources" */;
			productName = RxDataSources;
		};
		BF3F8C9A235B7E6400143448 /* RealmSwift */ = {
			isa = XCSwiftPackageProductDependency;
			package = BF3F8C99235B7E6400143448 /* XCRemoteSwiftPackageReference "realm-cocoa" */;
			productName = RealmSwift;
		};
		BF3F8C9D235B7F2000143448 /* RxRealm */ = {
			isa = XCSwiftPackageProductDependency;
			package = BF3F8C9C235B7F2000143448 /* XCRemoteSwiftPackageReference "RxRealm" */;
			productName = RxRealm;
		};
		BFA506CE2359ABB1004BC4DB /* RxAlamofire */ = {
			isa = XCSwiftPackageProductDependency;
			package = BFA506CD2359ABB1004BC4DB /* XCRemoteSwiftPackageReference "RxAlamofire" */;
			productName = RxAlamofire;
		};
		BFAD5D67235081B90067FA4B /* RxSwift */ = {
			isa = XCSwiftPackageProductDependency;
			package = BFAD5D66235081B90067FA4B /* XCRemoteSwiftPackageReference "RxSwift" */;
			productName = RxSwift;
		};
		BFAD5D6B235081B90067FA4B /* RxCocoa */ = {
			isa = XCSwiftPackageProductDependency;
			package = BFAD5D66235081B90067FA4B /* XCRemoteSwiftPackageReference "RxSwift" */;
			productName = RxCocoa;
		};
		BFAD5D6D235081B90067FA4B /* RxBlocking */ = {
			isa = XCSwiftPackageProductDependency;
			package = BFAD5D66235081B90067FA4B /* XCRemoteSwiftPackageReference "RxSwift" */;
			productName = RxBlocking;
		};
/* End XCSwiftPackageProductDependency section */
	};
	rootObject = BF670F9E234A2D020083CE8B /* Project object */;
}
